
Microsoft Visual Studio Solution File, Format Version 12.00
# Visual Studio 15
VisualStudioVersion = 15.0.27703.2026
MinimumVisualStudioVersion = 10.0.40219.1
Project("{2150E333-8FDC-42A3-9474-1A3956D46DE8}") = "Shared", "Shared", "{8856CE87-7A3C-4E1E-830B-0CFF1165B9BD}"
EndProject
Project("{2150E333-8FDC-42A3-9474-1A3956D46DE8}") = "Vehicle", "Vehicle", "{235667FC-AE43-48E4-9A32-94EB4A655BF0}"
EndProject
Project("{2150E333-8FDC-42A3-9474-1A3956D46DE8}") = "Part", "Part", "{9FF2532D-ACB4-4D8C-90B0-42BF3792C82F}"
EndProject
Project("{9A19103F-16F7-4668-BE54-9A1E7A4F7556}") = "SpareParts.Common", "SpareParts.Common\SpareParts.Common.csproj", "{90E0C136-9D54-4D85-814D-7B6ABDBFD417}"
EndProject
Project("{9A19103F-16F7-4668-BE54-9A1E7A4F7556}") = "SpareParts.DataAccessObject", "SpareParts.DataAccessObject\SpareParts.DataAccessObject.csproj", "{D2AA7B43-69ED-401C-A517-0372531E1A1E}"
EndProject
Project("{9A19103F-16F7-4668-BE54-9A1E7A4F7556}") = "SpareParts.EntityFramework", "SpareParts.EntityFramework\SpareParts.EntityFramework.csproj", "{6FEA2068-C6AB-4AAF-A303-B0AC2DCC0607}"
EndProject
Project("{9A19103F-16F7-4668-BE54-9A1E7A4F7556}") = "SpareParts.Repository", "SpareParts.Repository\SpareParts.Repository.csproj", "{92823B23-14A2-43FC-81F4-82E3787D3C1E}"
EndProject
Project("{9A19103F-16F7-4668-BE54-9A1E7A4F7556}") = "SpareParts.Vehicle.DomainModel", "SpareParts.Vehicle.DomainModel\SpareParts.Vehicle.DomainModel.csproj", "{4E897F69-D8FA-4586-A4D3-38361EB29A18}"
EndProject
Project("{9A19103F-16F7-4668-BE54-9A1E7A4F7556}") = "SpareParts.Vehicle.ReadModel", "SpareParts.Vehicle.ReadModel\SpareParts.Vehicle.ReadModel.csproj", "{62DB778D-E560-4539-BAD1-3E5EBF20C341}"
EndProject
Project("{9A19103F-16F7-4668-BE54-9A1E7A4F7556}") = "SpareParts.Vehicle.EntityFramework", "SpareParts.Vehicle.EntityFramework\SpareParts.Vehicle.EntityFramework.csproj", "{76815562-5F25-4466-988E-E7DD6FD420D3}"
EndProject
Project("{9A19103F-16F7-4668-BE54-9A1E7A4F7556}") = "SpareParts.Vehicle.Cqrs", "SpareParts.Vehicle.Cqrs\SpareParts.Vehicle.Cqrs.csproj", "{B1405C93-6BAD-4B89-A83E-30002E19F705}"
EndProject
Project("{9A19103F-16F7-4668-BE54-9A1E7A4F7556}") = "SpareParts.Vehicle.Cqrs.Handlers", "SpareParts.Vehicle.Cqrs.Handlers\SpareParts.Vehicle.Cqrs.Handlers.csproj", "{B2A45AB6-4CE1-4DE6-B64B-34148A3CA5FE}"
EndProject
Project("{9A19103F-16F7-4668-BE54-9A1E7A4F7556}") = "SpareParts.Vehicle.Api", "SpareParts.Vehicle.Api\SpareParts.Vehicle.Api.csproj", "{9142CB10-A22F-42FF-B0A3-0A9DE319BBF9}"
EndProject
Project("{9A19103F-16F7-4668-BE54-9A1E7A4F7556}") = "SpareParts.Cqrs", "SpareParts.Cqrs\SpareParts.Cqrs.csproj", "{3614A4E2-0754-4434-B8BF-8DECB6F76882}"
EndProject
Project("{9A19103F-16F7-4668-BE54-9A1E7A4F7556}") = "SpareParts.Part.Cqrs", "SpareParts.Part.Cqrs\SpareParts.Part.Cqrs.csproj", "{E583D980-301B-4D8A-B9DE-F8DC35D0F8A9}"
EndProject
Project("{9A19103F-16F7-4668-BE54-9A1E7A4F7556}") = "SpareParts.Part.DomainModel", "SpareParts.Part.DomainModel\SpareParts.Part.DomainModel.csproj", "{1245E27F-9ABC-483C-9EA6-073E48EAC692}"
EndProject
Project("{9A19103F-16F7-4668-BE54-9A1E7A4F7556}") = "SpareParts.Part.EntityFramework", "SpareParts.Part.EntityFramework\SpareParts.Part.EntityFramework.csproj", "{C3B27D7C-A3F3-4C17-A2EC-584DFC58F12A}"
EndProject
Project("{9A19103F-16F7-4668-BE54-9A1E7A4F7556}") = "SpareParts.Part.ReadModel", "SpareParts.Part.ReadModel\SpareParts.Part.ReadModel.csproj", "{774B59E7-9D33-4D4B-85A0-277357CCF399}"
EndProject
Project("{9A19103F-16F7-4668-BE54-9A1E7A4F7556}") = "SpareParts.Part.Cqrs.Handlers", "SpareParts.Part.Cqrs.Handlers\SpareParts.Part.Cqrs.Handlers.csproj", "{80D5E496-2CE9-41CF-8CC6-B6DDBD3E2474}"
EndProject
Project("{9A19103F-16F7-4668-BE54-9A1E7A4F7556}") = "SpareParts.Part.Api", "SpareParts.Part.Api\SpareParts.Part.Api.csproj", "{7D7F4BBD-FE72-4618-AAD0-39EF58DD5364}"
EndProject
Global
	GlobalSection(SolutionConfigurationPlatforms) = preSolution
		Debug|Any CPU = Debug|Any CPU
		Release|Any CPU = Release|Any CPU
	EndGlobalSection
	GlobalSection(ProjectConfigurationPlatforms) = postSolution
		{90E0C136-9D54-4D85-814D-7B6ABDBFD417}.Debug|Any CPU.ActiveCfg = Debug|Any CPU
		{90E0C136-9D54-4D85-814D-7B6ABDBFD417}.Debug|Any CPU.Build.0 = Debug|Any CPU
		{90E0C136-9D54-4D85-814D-7B6ABDBFD417}.Release|Any CPU.ActiveCfg = Release|Any CPU
		{90E0C136-9D54-4D85-814D-7B6ABDBFD417}.Release|Any CPU.Build.0 = Release|Any CPU
		{D2AA7B43-69ED-401C-A517-0372531E1A1E}.Debug|Any CPU.ActiveCfg = Debug|Any CPU
		{D2AA7B43-69ED-401C-A517-0372531E1A1E}.Debug|Any CPU.Build.0 = Debug|Any CPU
		{D2AA7B43-69ED-401C-A517-0372531E1A1E}.Release|Any CPU.ActiveCfg = Release|Any CPU
		{D2AA7B43-69ED-401C-A517-0372531E1A1E}.Release|Any CPU.Build.0 = Release|Any CPU
		{6FEA2068-C6AB-4AAF-A303-B0AC2DCC0607}.Debug|Any CPU.ActiveCfg = Debug|Any CPU
		{6FEA2068-C6AB-4AAF-A303-B0AC2DCC0607}.Debug|Any CPU.Build.0 = Debug|Any CPU
		{6FEA2068-C6AB-4AAF-A303-B0AC2DCC0607}.Release|Any CPU.ActiveCfg = Release|Any CPU
		{6FEA2068-C6AB-4AAF-A303-B0AC2DCC0607}.Release|Any CPU.Build.0 = Release|Any CPU
		{92823B23-14A2-43FC-81F4-82E3787D3C1E}.Debug|Any CPU.ActiveCfg = Debug|Any CPU
		{92823B23-14A2-43FC-81F4-82E3787D3C1E}.Debug|Any CPU.Build.0 = Debug|Any CPU
		{92823B23-14A2-43FC-81F4-82E3787D3C1E}.Release|Any CPU.ActiveCfg = Release|Any CPU
		{92823B23-14A2-43FC-81F4-82E3787D3C1E}.Release|Any CPU.Build.0 = Release|Any CPU
		{4E897F69-D8FA-4586-A4D3-38361EB29A18}.Debug|Any CPU.ActiveCfg = Debug|Any CPU
		{4E897F69-D8FA-4586-A4D3-38361EB29A18}.Debug|Any CPU.Build.0 = Debug|Any CPU
		{4E897F69-D8FA-4586-A4D3-38361EB29A18}.Release|Any CPU.ActiveCfg = Release|Any CPU
		{4E897F69-D8FA-4586-A4D3-38361EB29A18}.Release|Any CPU.Build.0 = Release|Any CPU
		{62DB778D-E560-4539-BAD1-3E5EBF20C341}.Debug|Any CPU.ActiveCfg = Debug|Any CPU
		{62DB778D-E560-4539-BAD1-3E5EBF20C341}.Debug|Any CPU.Build.0 = Debug|Any CPU
		{62DB778D-E560-4539-BAD1-3E5EBF20C341}.Release|Any CPU.ActiveCfg = Release|Any CPU
		{62DB778D-E560-4539-BAD1-3E5EBF20C341}.Release|Any CPU.Build.0 = Release|Any CPU
		{76815562-5F25-4466-988E-E7DD6FD420D3}.Debug|Any CPU.ActiveCfg = Debug|Any CPU
		{76815562-5F25-4466-988E-E7DD6FD420D3}.Debug|Any CPU.Build.0 = Debug|Any CPU
		{76815562-5F25-4466-988E-E7DD6FD420D3}.Release|Any CPU.ActiveCfg = Release|Any CPU
		{76815562-5F25-4466-988E-E7DD6FD420D3}.Release|Any CPU.Build.0 = Release|Any CPU
		{B1405C93-6BAD-4B89-A83E-30002E19F705}.Debug|Any CPU.ActiveCfg = Debug|Any CPU
		{B1405C93-6BAD-4B89-A83E-30002E19F705}.Debug|Any CPU.Build.0 = Debug|Any CPU
		{B1405C93-6BAD-4B89-A83E-30002E19F705}.Release|Any CPU.ActiveCfg = Release|Any CPU
		{B1405C93-6BAD-4B89-A83E-30002E19F705}.Release|Any CPU.Build.0 = Release|Any CPU
		{B2A45AB6-4CE1-4DE6-B64B-34148A3CA5FE}.Debug|Any CPU.ActiveCfg = Debug|Any CPU
		{B2A45AB6-4CE1-4DE6-B64B-34148A3CA5FE}.Debug|Any CPU.Build.0 = Debug|Any CPU
		{B2A45AB6-4CE1-4DE6-B64B-34148A3CA5FE}.Release|Any CPU.ActiveCfg = Release|Any CPU
		{B2A45AB6-4CE1-4DE6-B64B-34148A3CA5FE}.Release|Any CPU.Build.0 = Release|Any CPU
		{9142CB10-A22F-42FF-B0A3-0A9DE319BBF9}.Debug|Any CPU.ActiveCfg = Debug|Any CPU
		{9142CB10-A22F-42FF-B0A3-0A9DE319BBF9}.Debug|Any CPU.Build.0 = Debug|Any CPU
		{9142CB10-A22F-42FF-B0A3-0A9DE319BBF9}.Release|Any CPU.ActiveCfg = Release|Any CPU
		{9142CB10-A22F-42FF-B0A3-0A9DE319BBF9}.Release|Any CPU.Build.0 = Release|Any CPU
		{3614A4E2-0754-4434-B8BF-8DECB6F76882}.Debug|Any CPU.ActiveCfg = Debug|Any CPU
		{3614A4E2-0754-4434-B8BF-8DECB6F76882}.Debug|Any CPU.Build.0 = Debug|Any CPU
		{3614A4E2-0754-4434-B8BF-8DECB6F76882}.Release|Any CPU.ActiveCfg = Release|Any CPU
		{3614A4E2-0754-4434-B8BF-8DECB6F76882}.Release|Any CPU.Build.0 = Release|Any CPU
		{E583D980-301B-4D8A-B9DE-F8DC35D0F8A9}.Debug|Any CPU.ActiveCfg = Debug|Any CPU
		{E583D980-301B-4D8A-B9DE-F8DC35D0F8A9}.Debug|Any CPU.Build.0 = Debug|Any CPU
		{E583D980-301B-4D8A-B9DE-F8DC35D0F8A9}.Release|Any CPU.ActiveCfg = Release|Any CPU
		{E583D980-301B-4D8A-B9DE-F8DC35D0F8A9}.Release|Any CPU.Build.0 = Release|Any CPU
		{1245E27F-9ABC-483C-9EA6-073E48EAC692}.Debug|Any CPU.ActiveCfg = Debug|Any CPU
		{1245E27F-9ABC-483C-9EA6-073E48EAC692}.Debug|Any CPU.Build.0 = Debug|Any CPU
		{1245E27F-9ABC-483C-9EA6-073E48EAC692}.Release|Any CPU.ActiveCfg = Release|Any CPU
		{1245E27F-9ABC-483C-9EA6-073E48EAC692}.Release|Any CPU.Build.0 = Release|Any CPU
		{C3B27D7C-A3F3-4C17-A2EC-584DFC58F12A}.Debug|Any CPU.ActiveCfg = Debug|Any CPU
		{C3B27D7C-A3F3-4C17-A2EC-584DFC58F12A}.Debug|Any CPU.Build.0 = Debug|Any CPU
		{C3B27D7C-A3F3-4C17-A2EC-584DFC58F12A}.Release|Any CPU.ActiveCfg = Release|Any CPU
		{C3B27D7C-A3F3-4C17-A2EC-584DFC58F12A}.Release|Any CPU.Build.0 = Release|Any CPU
		{774B59E7-9D33-4D4B-85A0-277357CCF399}.Debug|Any CPU.ActiveCfg = Debug|Any CPU
		{774B59E7-9D33-4D4B-85A0-277357CCF399}.Debug|Any CPU.Build.0 = Debug|Any CPU
		{774B59E7-9D33-4D4B-85A0-277357CCF399}.Release|Any CPU.ActiveCfg = Release|Any CPU
		{774B59E7-9D33-4D4B-85A0-277357CCF399}.Release|Any CPU.Build.0 = Release|Any CPU
		{80D5E496-2CE9-41CF-8CC6-B6DDBD3E2474}.Debug|Any CPU.ActiveCfg = Debug|Any CPU
		{80D5E496-2CE9-41CF-8CC6-B6DDBD3E2474}.Debug|Any CPU.Build.0 = Debug|Any CPU
		{80D5E496-2CE9-41CF-8CC6-B6DDBD3E2474}.Release|Any CPU.ActiveCfg = Release|Any CPU
		{80D5E496-2CE9-41CF-8CC6-B6DDBD3E2474}.Release|Any CPU.Build.0 = Release|Any CPU
		{7D7F4BBD-FE72-4618-AAD0-39EF58DD5364}.Debug|Any CPU.ActiveCfg = Debug|Any CPU
		{7D7F4BBD-FE72-4618-AAD0-39EF58DD5364}.Debug|Any CPU.Build.0 = Debug|Any CPU
		{7D7F4BBD-FE72-4618-AAD0-39EF58DD5364}.Release|Any CPU.ActiveCfg = Release|Any CPU
		{7D7F4BBD-FE72-4618-AAD0-39EF58DD5364}.Release|Any CPU.Build.0 = Release|Any CPU
	EndGlobalSection
	GlobalSection(SolutionProperties) = preSolution
		HideSolutionNode = FALSE
	EndGlobalSection
	GlobalSection(NestedProjects) = preSolution
		{90E0C136-9D54-4D85-814D-7B6ABDBFD417} = {8856CE87-7A3C-4E1E-830B-0CFF1165B9BD}
		{D2AA7B43-69ED-401C-A517-0372531E1A1E} = {8856CE87-7A3C-4E1E-830B-0CFF1165B9BD}
		{6FEA2068-C6AB-4AAF-A303-B0AC2DCC0607} = {8856CE87-7A3C-4E1E-830B-0CFF1165B9BD}
		{92823B23-14A2-43FC-81F4-82E3787D3C1E} = {8856CE87-7A3C-4E1E-830B-0CFF1165B9BD}
		{4E897F69-D8FA-4586-A4D3-38361EB29A18} = {235667FC-AE43-48E4-9A32-94EB4A655BF0}
		{62DB778D-E560-4539-BAD1-3E5EBF20C341} = {235667FC-AE43-48E4-9A32-94EB4A655BF0}
		{76815562-5F25-4466-988E-E7DD6FD420D3} = {235667FC-AE43-48E4-9A32-94EB4A655BF0}
		{B1405C93-6BAD-4B89-A83E-30002E19F705} = {235667FC-AE43-48E4-9A32-94EB4A655BF0}
		{B2A45AB6-4CE1-4DE6-B64B-34148A3CA5FE} = {235667FC-AE43-48E4-9A32-94EB4A655BF0}
		{9142CB10-A22F-42FF-B0A3-0A9DE319BBF9} = {235667FC-AE43-48E4-9A32-94EB4A655BF0}
		{3614A4E2-0754-4434-B8BF-8DECB6F76882} = {8856CE87-7A3C-4E1E-830B-0CFF1165B9BD}
		{E583D980-301B-4D8A-B9DE-F8DC35D0F8A9} = {9FF2532D-ACB4-4D8C-90B0-42BF3792C82F}
		{1245E27F-9ABC-483C-9EA6-073E48EAC692} = {9FF2532D-ACB4-4D8C-90B0-42BF3792C82F}
		{C3B27D7C-A3F3-4C17-A2EC-584DFC58F12A} = {9FF2532D-ACB4-4D8C-90B0-42BF3792C82F}
		{774B59E7-9D33-4D4B-85A0-277357CCF399} = {9FF2532D-ACB4-4D8C-90B0-42BF3792C82F}
		{80D5E496-2CE9-41CF-8CC6-B6DDBD3E2474} = {9FF2532D-ACB4-4D8C-90B0-42BF3792C82F}
		{7D7F4BBD-FE72-4618-AAD0-39EF58DD5364} = {9FF2532D-ACB4-4D8C-90B0-42BF3792C82F}
	EndGlobalSection
	GlobalSection(ExtensibilityGlobals) = postSolution
		SolutionGuid = {3FB7AD2D-5509-4C49-A392-4C54841FB673}
	EndGlobalSection
EndGlobal
