
Microsoft Visual Studio Solution File, Format Version 12.00
# Visual Studio 15
VisualStudioVersion = 15.0.27703.2026
MinimumVisualStudioVersion = 10.0.40219.1
Project("{9A19103F-16F7-4668-BE54-9A1E7A4F7556}") = "DeepDevDay.ContosoSpareParts.ApiModel", "Common\DeepDevDay.ContosoSpareParts.ApiModel\DeepDevDay.ContosoSpareParts.ApiModel.csproj", "{8FCE839F-5130-4ADB-B59A-0C4D8ACECEC3}"
EndProject
Project("{9A19103F-16F7-4668-BE54-9A1E7A4F7556}") = "DeepDevDay.ContosoSpareParts.ApiClient", "Common\DeepDevDay.ContosoSpareParts.ApiClient\DeepDevDay.ContosoSpareParts.ApiClient.csproj", "{BF540DC0-4184-4E82-BC02-647654976F5B}"
EndProject
Project("{FAE04EC0-301F-11D3-BF4B-00C04F79EFBC}") = "DeepDevDay.ContosoSpareParts.ApiClient.Tests", "..\test\Common\DeepDevDay.ContosoSpareParts.ApiClient.Tests\DeepDevDay.ContosoSpareParts.ApiClient.Tests.csproj", "{4BB9A404-423F-4DDF-BDB9-E28655B5278B}"
EndProject
Global
	GlobalSection(SolutionConfigurationPlatforms) = preSolution
		Debug|Any CPU = Debug|Any CPU
		Release|Any CPU = Release|Any CPU
	EndGlobalSection
	GlobalSection(ProjectConfigurationPlatforms) = postSolution
		{8FCE839F-5130-4ADB-B59A-0C4D8ACECEC3}.Debug|Any CPU.ActiveCfg = Debug|Any CPU
		{8FCE839F-5130-4ADB-B59A-0C4D8ACECEC3}.Debug|Any CPU.Build.0 = Debug|Any CPU
		{8FCE839F-5130-4ADB-B59A-0C4D8ACECEC3}.Release|Any CPU.ActiveCfg = Release|Any CPU
		{8FCE839F-5130-4ADB-B59A-0C4D8ACECEC3}.Release|Any CPU.Build.0 = Release|Any CPU
		{BF540DC0-4184-4E82-BC02-647654976F5B}.Debug|Any CPU.ActiveCfg = Debug|Any CPU
		{BF540DC0-4184-4E82-BC02-647654976F5B}.Debug|Any CPU.Build.0 = Debug|Any CPU
		{BF540DC0-4184-4E82-BC02-647654976F5B}.Release|Any CPU.ActiveCfg = Release|Any CPU
		{BF540DC0-4184-4E82-BC02-647654976F5B}.Release|Any CPU.Build.0 = Release|Any CPU
		{4BB9A404-423F-4DDF-BDB9-E28655B5278B}.Debug|Any CPU.ActiveCfg = Debug|Any CPU
		{4BB9A404-423F-4DDF-BDB9-E28655B5278B}.Debug|Any CPU.Build.0 = Debug|Any CPU
		{4BB9A404-423F-4DDF-BDB9-E28655B5278B}.Release|Any CPU.ActiveCfg = Release|Any CPU
		{4BB9A404-423F-4DDF-BDB9-E28655B5278B}.Release|Any CPU.Build.0 = Release|Any CPU
	EndGlobalSection
	GlobalSection(SolutionProperties) = preSolution
		HideSolutionNode = FALSE
	EndGlobalSection
	GlobalSection(ExtensibilityGlobals) = postSolution
		SolutionGuid = {3FB7AD2D-5509-4C49-A392-4C54841FB673}
	EndGlobalSection
EndGlobal
