
Microsoft Visual Studio Solution File, Format Version 12.00
# Visual Studio 15
VisualStudioVersion = 15.0.27729.1
MinimumVisualStudioVersion = 10.0.40219.1
Project("{FAE04EC0-301F-11D3-BF4B-00C04F79EFBC}") = "Contoso.IoT.UWP", "Contoso.IoT.UWP\Contoso.IoT.UWP.csproj", "{152CCB9F-ECA9-46D4-939F-190FCEEFE159}"
EndProject
Project("{2150E333-8FDC-42A3-9474-1A3956D46DE8}") = "OBDLibrary", "OBDLibrary", "{C3D9DC60-4EAC-489D-85A4-0347E6F37DF9}"
EndProject
Project("{2150E333-8FDC-42A3-9474-1A3956D46DE8}") = "ObdShare", "ObdShare", "{5E8B2EA7-57A3-47CA-BC52-89D03B6C97EE}"
EndProject
Project("{2150E333-8FDC-42A3-9474-1A3956D46DE8}") = "ObdLibUWP", "ObdLibUWP", "{EDA604B0-1E1A-4F94-B421-6EFE1B166752}"
EndProject
Project("{FAE04EC0-301F-11D3-BF4B-00C04F79EFBC}") = "ObdLibUWP", "..\OBDLibrary\ObdLibUWP\ObdLibUWP.csproj", "{812692D4-C638-4FD1-AEA7-407824B134A6}"
EndProject
Project("{FAE04EC0-301F-11D3-BF4B-00C04F79EFBC}") = "ObdShare", "..\OBDLibrary\ObdShare\ObdShare.csproj", "{7A88DA9B-A374-4DE2-B46E-ED2C45434508}"
EndProject
Project("{FAE04EC0-301F-11D3-BF4B-00C04F79EFBC}") = "Contoso.IoT.IoTHub", "Contoso.IoT.IoTHub\Contoso.IoT.IoTHub.csproj", "{EE7ABA0D-93A3-4B01-8A64-330D3BCA778D}"
EndProject
Global
	GlobalSection(SolutionConfigurationPlatforms) = preSolution
		Debug|Any CPU = Debug|Any CPU
		Debug|ARM = Debug|ARM
		Debug|x64 = Debug|x64
		Debug|x86 = Debug|x86
		Release|Any CPU = Release|Any CPU
		Release|ARM = Release|ARM
		Release|x64 = Release|x64
		Release|x86 = Release|x86
		XTC|Any CPU = XTC|Any CPU
		XTC|ARM = XTC|ARM
		XTC|x64 = XTC|x64
		XTC|x86 = XTC|x86
	EndGlobalSection
	GlobalSection(ProjectConfigurationPlatforms) = postSolution
		{152CCB9F-ECA9-46D4-939F-190FCEEFE159}.Debug|Any CPU.ActiveCfg = Debug|Any CPU
		{152CCB9F-ECA9-46D4-939F-190FCEEFE159}.Debug|Any CPU.Build.0 = Debug|Any CPU
		{152CCB9F-ECA9-46D4-939F-190FCEEFE159}.Debug|Any CPU.Deploy.0 = Debug|Any CPU
		{152CCB9F-ECA9-46D4-939F-190FCEEFE159}.Debug|ARM.ActiveCfg = Debug|ARM
		{152CCB9F-ECA9-46D4-939F-190FCEEFE159}.Debug|ARM.Build.0 = Debug|ARM
		{152CCB9F-ECA9-46D4-939F-190FCEEFE159}.Debug|ARM.Deploy.0 = Debug|ARM
		{152CCB9F-ECA9-46D4-939F-190FCEEFE159}.Debug|x64.ActiveCfg = Debug|x64
		{152CCB9F-ECA9-46D4-939F-190FCEEFE159}.Debug|x64.Build.0 = Debug|x64
		{152CCB9F-ECA9-46D4-939F-190FCEEFE159}.Debug|x64.Deploy.0 = Debug|x64
		{152CCB9F-ECA9-46D4-939F-190FCEEFE159}.Debug|x86.ActiveCfg = Debug|x86
		{152CCB9F-ECA9-46D4-939F-190FCEEFE159}.Debug|x86.Build.0 = Debug|x86
		{152CCB9F-ECA9-46D4-939F-190FCEEFE159}.Debug|x86.Deploy.0 = Debug|x86
		{152CCB9F-ECA9-46D4-939F-190FCEEFE159}.Release|Any CPU.ActiveCfg = Release|Any CPU
		{152CCB9F-ECA9-46D4-939F-190FCEEFE159}.Release|Any CPU.Build.0 = Release|Any CPU
		{152CCB9F-ECA9-46D4-939F-190FCEEFE159}.Release|Any CPU.Deploy.0 = Release|Any CPU
		{152CCB9F-ECA9-46D4-939F-190FCEEFE159}.Release|ARM.ActiveCfg = Release|ARM
		{152CCB9F-ECA9-46D4-939F-190FCEEFE159}.Release|ARM.Build.0 = Release|ARM
		{152CCB9F-ECA9-46D4-939F-190FCEEFE159}.Release|ARM.Deploy.0 = Release|ARM
		{152CCB9F-ECA9-46D4-939F-190FCEEFE159}.Release|x64.ActiveCfg = Release|x64
		{152CCB9F-ECA9-46D4-939F-190FCEEFE159}.Release|x64.Build.0 = Release|x64
		{152CCB9F-ECA9-46D4-939F-190FCEEFE159}.Release|x64.Deploy.0 = Release|x64
		{152CCB9F-ECA9-46D4-939F-190FCEEFE159}.Release|x86.ActiveCfg = Release|x86
		{152CCB9F-ECA9-46D4-939F-190FCEEFE159}.Release|x86.Build.0 = Release|x86
		{152CCB9F-ECA9-46D4-939F-190FCEEFE159}.Release|x86.Deploy.0 = Release|x86
		{152CCB9F-ECA9-46D4-939F-190FCEEFE159}.XTC|Any CPU.ActiveCfg = Release|Any CPU
		{152CCB9F-ECA9-46D4-939F-190FCEEFE159}.XTC|Any CPU.Build.0 = Release|Any CPU
		{152CCB9F-ECA9-46D4-939F-190FCEEFE159}.XTC|Any CPU.Deploy.0 = Release|Any CPU
		{152CCB9F-ECA9-46D4-939F-190FCEEFE159}.XTC|ARM.ActiveCfg = Release|ARM
		{152CCB9F-ECA9-46D4-939F-190FCEEFE159}.XTC|ARM.Build.0 = Release|ARM
		{152CCB9F-ECA9-46D4-939F-190FCEEFE159}.XTC|ARM.Deploy.0 = Release|ARM
		{152CCB9F-ECA9-46D4-939F-190FCEEFE159}.XTC|x64.ActiveCfg = Release|x64
		{152CCB9F-ECA9-46D4-939F-190FCEEFE159}.XTC|x64.Build.0 = Release|x64
		{152CCB9F-ECA9-46D4-939F-190FCEEFE159}.XTC|x64.Deploy.0 = Release|x64
		{152CCB9F-ECA9-46D4-939F-190FCEEFE159}.XTC|x86.ActiveCfg = Release|x86
		{152CCB9F-ECA9-46D4-939F-190FCEEFE159}.XTC|x86.Build.0 = Release|x86
		{152CCB9F-ECA9-46D4-939F-190FCEEFE159}.XTC|x86.Deploy.0 = Release|x86
		{812692D4-C638-4FD1-AEA7-407824B134A6}.Debug|Any CPU.ActiveCfg = Debug|Any CPU
		{812692D4-C638-4FD1-AEA7-407824B134A6}.Debug|Any CPU.Build.0 = Debug|Any CPU
		{812692D4-C638-4FD1-AEA7-407824B134A6}.Debug|ARM.ActiveCfg = Debug|ARM
		{812692D4-C638-4FD1-AEA7-407824B134A6}.Debug|ARM.Build.0 = Debug|ARM
		{812692D4-C638-4FD1-AEA7-407824B134A6}.Debug|x64.ActiveCfg = Debug|x64
		{812692D4-C638-4FD1-AEA7-407824B134A6}.Debug|x64.Build.0 = Debug|x64
		{812692D4-C638-4FD1-AEA7-407824B134A6}.Debug|x86.ActiveCfg = Debug|x86
		{812692D4-C638-4FD1-AEA7-407824B134A6}.Debug|x86.Build.0 = Debug|x86
		{812692D4-C638-4FD1-AEA7-407824B134A6}.Release|Any CPU.ActiveCfg = Release|Any CPU
		{812692D4-C638-4FD1-AEA7-407824B134A6}.Release|Any CPU.Build.0 = Release|Any CPU
		{812692D4-C638-4FD1-AEA7-407824B134A6}.Release|ARM.ActiveCfg = Release|ARM
		{812692D4-C638-4FD1-AEA7-407824B134A6}.Release|ARM.Build.0 = Release|ARM
		{812692D4-C638-4FD1-AEA7-407824B134A6}.Release|x64.ActiveCfg = Release|x64
		{812692D4-C638-4FD1-AEA7-407824B134A6}.Release|x64.Build.0 = Release|x64
		{812692D4-C638-4FD1-AEA7-407824B134A6}.Release|x86.ActiveCfg = Release|x86
		{812692D4-C638-4FD1-AEA7-407824B134A6}.Release|x86.Build.0 = Release|x86
		{812692D4-C638-4FD1-AEA7-407824B134A6}.XTC|Any CPU.ActiveCfg = XTC|Any CPU
		{812692D4-C638-4FD1-AEA7-407824B134A6}.XTC|Any CPU.Build.0 = XTC|Any CPU
		{812692D4-C638-4FD1-AEA7-407824B134A6}.XTC|ARM.ActiveCfg = XTC|ARM
		{812692D4-C638-4FD1-AEA7-407824B134A6}.XTC|ARM.Build.0 = XTC|ARM
		{812692D4-C638-4FD1-AEA7-407824B134A6}.XTC|x64.ActiveCfg = XTC|x64
		{812692D4-C638-4FD1-AEA7-407824B134A6}.XTC|x64.Build.0 = XTC|x64
		{812692D4-C638-4FD1-AEA7-407824B134A6}.XTC|x86.ActiveCfg = XTC|x86
		{812692D4-C638-4FD1-AEA7-407824B134A6}.XTC|x86.Build.0 = XTC|x86
		{7A88DA9B-A374-4DE2-B46E-ED2C45434508}.Debug|Any CPU.ActiveCfg = Debug|Any CPU
		{7A88DA9B-A374-4DE2-B46E-ED2C45434508}.Debug|Any CPU.Build.0 = Debug|Any CPU
		{7A88DA9B-A374-4DE2-B46E-ED2C45434508}.Debug|ARM.ActiveCfg = Debug|Any CPU
		{7A88DA9B-A374-4DE2-B46E-ED2C45434508}.Debug|ARM.Build.0 = Debug|Any CPU
		{7A88DA9B-A374-4DE2-B46E-ED2C45434508}.Debug|x64.ActiveCfg = Debug|Any CPU
		{7A88DA9B-A374-4DE2-B46E-ED2C45434508}.Debug|x64.Build.0 = Debug|Any CPU
		{7A88DA9B-A374-4DE2-B46E-ED2C45434508}.Debug|x86.ActiveCfg = Debug|Any CPU
		{7A88DA9B-A374-4DE2-B46E-ED2C45434508}.Debug|x86.Build.0 = Debug|Any CPU
		{7A88DA9B-A374-4DE2-B46E-ED2C45434508}.Release|Any CPU.ActiveCfg = Release|Any CPU
		{7A88DA9B-A374-4DE2-B46E-ED2C45434508}.Release|Any CPU.Build.0 = Release|Any CPU
		{7A88DA9B-A374-4DE2-B46E-ED2C45434508}.Release|ARM.ActiveCfg = Release|Any CPU
		{7A88DA9B-A374-4DE2-B46E-ED2C45434508}.Release|ARM.Build.0 = Release|Any CPU
		{7A88DA9B-A374-4DE2-B46E-ED2C45434508}.Release|x64.ActiveCfg = Release|Any CPU
		{7A88DA9B-A374-4DE2-B46E-ED2C45434508}.Release|x64.Build.0 = Release|Any CPU
		{7A88DA9B-A374-4DE2-B46E-ED2C45434508}.Release|x86.ActiveCfg = Release|Any CPU
		{7A88DA9B-A374-4DE2-B46E-ED2C45434508}.Release|x86.Build.0 = Release|Any CPU
		{7A88DA9B-A374-4DE2-B46E-ED2C45434508}.XTC|Any CPU.ActiveCfg = XTC|Any CPU
		{7A88DA9B-A374-4DE2-B46E-ED2C45434508}.XTC|Any CPU.Build.0 = XTC|Any CPU
		{7A88DA9B-A374-4DE2-B46E-ED2C45434508}.XTC|ARM.ActiveCfg = XTC|Any CPU
		{7A88DA9B-A374-4DE2-B46E-ED2C45434508}.XTC|ARM.Build.0 = XTC|Any CPU
		{7A88DA9B-A374-4DE2-B46E-ED2C45434508}.XTC|x64.ActiveCfg = XTC|Any CPU
		{7A88DA9B-A374-4DE2-B46E-ED2C45434508}.XTC|x64.Build.0 = XTC|Any CPU
		{7A88DA9B-A374-4DE2-B46E-ED2C45434508}.XTC|x86.ActiveCfg = XTC|Any CPU
		{7A88DA9B-A374-4DE2-B46E-ED2C45434508}.XTC|x86.Build.0 = XTC|Any CPU
		{EE7ABA0D-93A3-4B01-8A64-330D3BCA778D}.Debug|Any CPU.ActiveCfg = Debug|Any CPU
		{EE7ABA0D-93A3-4B01-8A64-330D3BCA778D}.Debug|Any CPU.Build.0 = Debug|Any CPU
		{EE7ABA0D-93A3-4B01-8A64-330D3BCA778D}.Debug|ARM.ActiveCfg = Debug|ARM
		{EE7ABA0D-93A3-4B01-8A64-330D3BCA778D}.Debug|ARM.Build.0 = Debug|ARM
		{EE7ABA0D-93A3-4B01-8A64-330D3BCA778D}.Debug|x64.ActiveCfg = Debug|x64
		{EE7ABA0D-93A3-4B01-8A64-330D3BCA778D}.Debug|x64.Build.0 = Debug|x64
		{EE7ABA0D-93A3-4B01-8A64-330D3BCA778D}.Debug|x86.ActiveCfg = Debug|x86
		{EE7ABA0D-93A3-4B01-8A64-330D3BCA778D}.Debug|x86.Build.0 = Debug|x86
		{EE7ABA0D-93A3-4B01-8A64-330D3BCA778D}.Release|Any CPU.ActiveCfg = Release|Any CPU
		{EE7ABA0D-93A3-4B01-8A64-330D3BCA778D}.Release|Any CPU.Build.0 = Release|Any CPU
		{EE7ABA0D-93A3-4B01-8A64-330D3BCA778D}.Release|ARM.ActiveCfg = Release|ARM
		{EE7ABA0D-93A3-4B01-8A64-330D3BCA778D}.Release|ARM.Build.0 = Release|ARM
		{EE7ABA0D-93A3-4B01-8A64-330D3BCA778D}.Release|x64.ActiveCfg = Release|x64
		{EE7ABA0D-93A3-4B01-8A64-330D3BCA778D}.Release|x64.Build.0 = Release|x64
		{EE7ABA0D-93A3-4B01-8A64-330D3BCA778D}.Release|x86.ActiveCfg = Release|x86
		{EE7ABA0D-93A3-4B01-8A64-330D3BCA778D}.Release|x86.Build.0 = Release|x86
		{EE7ABA0D-93A3-4B01-8A64-330D3BCA778D}.XTC|Any CPU.ActiveCfg = Release|Any CPU
		{EE7ABA0D-93A3-4B01-8A64-330D3BCA778D}.XTC|Any CPU.Build.0 = Release|Any CPU
		{EE7ABA0D-93A3-4B01-8A64-330D3BCA778D}.XTC|ARM.ActiveCfg = Release|ARM
		{EE7ABA0D-93A3-4B01-8A64-330D3BCA778D}.XTC|ARM.Build.0 = Release|ARM
		{EE7ABA0D-93A3-4B01-8A64-330D3BCA778D}.XTC|x64.ActiveCfg = Release|x64
		{EE7ABA0D-93A3-4B01-8A64-330D3BCA778D}.XTC|x64.Build.0 = Release|x64
		{EE7ABA0D-93A3-4B01-8A64-330D3BCA778D}.XTC|x86.ActiveCfg = Release|x86
		{EE7ABA0D-93A3-4B01-8A64-330D3BCA778D}.XTC|x86.Build.0 = Release|x86
	EndGlobalSection
	GlobalSection(SolutionProperties) = preSolution
		HideSolutionNode = FALSE
	EndGlobalSection
	GlobalSection(NestedProjects) = preSolution
		{5E8B2EA7-57A3-47CA-BC52-89D03B6C97EE} = {C3D9DC60-4EAC-489D-85A4-0347E6F37DF9}
		{EDA604B0-1E1A-4F94-B421-6EFE1B166752} = {C3D9DC60-4EAC-489D-85A4-0347E6F37DF9}
		{812692D4-C638-4FD1-AEA7-407824B134A6} = {EDA604B0-1E1A-4F94-B421-6EFE1B166752}
		{7A88DA9B-A374-4DE2-B46E-ED2C45434508} = {5E8B2EA7-57A3-47CA-BC52-89D03B6C97EE}
	EndGlobalSection
	GlobalSection(ExtensibilityGlobals) = postSolution
		SolutionGuid = {8E0A3E74-BF50-454C-AFD1-00992C95673A}
	EndGlobalSection
EndGlobal
